{
  "version": "5",
  "specifiers": {
    "jsr:@razr/crypto@^0.0.1": "0.0.1",
    "jsr:@std/assert@1": "1.0.16",
    "jsr:@std/internal@^1.0.12": "1.0.12"
  },
  "jsr": {
    "@razr/crypto@0.0.1": {
      "integrity": "13422e6c41a63206499efe20e46c189dcda3f7e58205b73387ed6d6e2f3733ad"
    },
    "@std/assert@1.0.16": {
      "integrity": "6a7272ed1eaa77defe76e5ff63ca705d9c495077e2d5fd0126d2b53fc5bd6532",
      "dependencies": [
        "jsr:@std/internal"
      ]
    },
    "@std/internal@1.0.12": {
      "integrity": "972a634fd5bc34b242024402972cd5143eac68d8dffaca5eaa4dba30ce17b027"
    }
  },
  "workspace": {
    "dependencies": [
      "jsr:@razr/crypto@^0.0.1",
      "jsr:@std/assert@1"
    ]
  }
}
